
Microsoft Visual Studio Solution File, Format Version 12.00
# Visual Studio Version 17
VisualStudioVersion = 17.2.32602.215
MinimumVisualStudioVersion = 10.0.40219.1
Project("{9A19103F-16F7-4668-BE54-9A1E7A4F7556}") = "FirstProject", "FirstProject\FirstProject.csproj", "{A7729C5A-52D5-4E4E-9CC0-4D7EEFF242C9}"
EndProject
Project("{FAE04EC0-301F-11D3-BF4B-00C04F79EFBC}") = "PartyInvites", "PartyInvites\PartyInvites.csproj", "{7AF62B98-41C9-4C0F-9C0C-B25908F14631}"
EndProject
Global
	GlobalSection(SolutionConfigurationPlatforms) = preSolution
		Debug|Any CPU = Debug|Any CPU
		Release|Any CPU = Release|Any CPU
	EndGlobalSection
	GlobalSection(ProjectConfigurationPlatforms) = postSolution
		{A7729C5A-52D5-4E4E-9CC0-4D7EEFF242C9}.Debug|Any CPU.ActiveCfg = Debug|Any CPU
		{A7729C5A-52D5-4E4E-9CC0-4D7EEFF242C9}.Debug|Any CPU.Build.0 = Debug|Any CPU
		{A7729C5A-52D5-4E4E-9CC0-4D7EEFF242C9}.Release|Any CPU.ActiveCfg = Release|Any CPU
		{A7729C5A-52D5-4E4E-9CC0-4D7EEFF242C9}.Release|Any CPU.Build.0 = Release|Any CPU
		{7AF62B98-41C9-4C0F-9C0C-B25908F14631}.Debug|Any CPU.ActiveCfg = Debug|Any CPU
		{7AF62B98-41C9-4C0F-9C0C-B25908F14631}.Debug|Any CPU.Build.0 = Debug|Any CPU
		{7AF62B98-41C9-4C0F-9C0C-B25908F14631}.Release|Any CPU.ActiveCfg = Release|Any CPU
		{7AF62B98-41C9-4C0F-9C0C-B25908F14631}.Release|Any CPU.Build.0 = Release|Any CPU
	EndGlobalSection
	GlobalSection(SolutionProperties) = preSolution
		HideSolutionNode = FALSE
	EndGlobalSection
	GlobalSection(ExtensibilityGlobals) = postSolution
		SolutionGuid = {2006B35F-97EB-4AF0-8CB4-E492643A4474}
	EndGlobalSection
EndGlobal
